// !$*UTF8*$!
{
	archiveVersion = 1;
	classes = {
	};
	objectVersion = 56;
	objects = {

/* Begin PBXBuildFile section */
		C65BBE6129CB410F00819C9C /* AppDelegate.swift in Sources */ = {isa = PBXBuildFile; fileRef = C65BBE6029CB410F00819C9C /* AppDelegate.swift */; };
		C65BBE6329CB410F00819C9C /* SceneDelegate.swift in Sources */ = {isa = PBXBuildFile; fileRef = C65BBE6229CB410F00819C9C /* SceneDelegate.swift */; };
		C65BBE6529CB410F00819C9C /* ViewController.swift in Sources */ = {isa = PBXBuildFile; fileRef = C65BBE6429CB410F00819C9C /* ViewController.swift */; };
		C65BBE6829CB410F00819C9C /* Main.storyboard in Resources */ = {isa = PBXBuildFile; fileRef = C65BBE6629CB410F00819C9C /* Main.storyboard */; };
		C65BBE6A29CB410F00819C9C /* Assets.xcassets in Resources */ = {isa = PBXBuildFile; fileRef = C65BBE6929CB410F00819C9C /* Assets.xcassets */; };
		C65BBE6D29CB410F00819C9C /* LaunchScreen.storyboard in Resources */ = {isa = PBXBuildFile; fileRef = C65BBE6B29CB410F00819C9C /* LaunchScreen.storyboard */; };
		C65BBE7629CB417300819C9C /* UIView+AppKitLayoutAnchor.swift in Sources */ = {isa = PBXBuildFile; fileRef = C65BBE7529CB417300819C9C /* UIView+AppKitLayoutAnchor.swift */; };
		C65BBE7929CB456800819C9C /* AKCheckBox.swift in Sources */ = {isa = PBXBuildFile; fileRef = C65BBE7829CB456800819C9C /* AKCheckBox.swift */; };
/* End PBXBuildFile section */

/* Begin PBXFileReference section */
		C65BBE5D29CB410F00819C9C /* PinLayout.app */ = {isa = PBXFileReference; explicitFileType = wrapper.application; includeInIndex = 0; path = PinLayout.app; sourceTree = BUILT_PRODUCTS_DIR; };
		C65BBE6029CB410F00819C9C /* AppDelegate.swift */ = {isa = PBXFileReference; lastKnownFileType = sourcecode.swift; path = AppDelegate.swift; sourceTree = "<group>"; };
		C65BBE6229CB410F00819C9C /* SceneDelegate.swift */ = {isa = PBXFileReference; lastKnownFileType = sourcecode.swift; path = SceneDelegate.swift; sourceTree = "<group>"; };
		C65BBE6429CB410F00819C9C /* ViewController.swift */ = {isa = PBXFileReference; lastKnownFileType = sourcecode.swift; path = ViewController.swift; sourceTree = "<group>"; };
		C65BBE6729CB410F00819C9C /* Base */ = {isa = PBXFileReference; lastKnownFileType = file.storyboard; name = Base; path = Base.lproj/Main.storyboard; sourceTree = "<group>"; };
		C65BBE6929CB410F00819C9C /* Assets.xcassets */ = {isa = PBXFileReference; lastKnownFileType = folder.assetcatalog; path = Assets.xcassets; sourceTree = "<group>"; };
		C65BBE6C29CB410F00819C9C /* Base */ = {isa = PBXFileReference; lastKnownFileType = file.storyboard; name = Base; path = Base.lproj/LaunchScreen.storyboard; sourceTree = "<group>"; };
		C65BBE6E29CB410F00819C9C /* Info.plist */ = {isa = PBXFileReference; lastKnownFileType = text.plist.xml; path = Info.plist; sourceTree = "<group>"; };
		C65BBE7529CB417300819C9C /* UIView+AppKitLayoutAnchor.swift */ = {isa = PBXFileReference; lastKnownFileType = sourcecode.swift; path = "UIView+AppKitLayoutAnchor.swift"; sourceTree = "<group>"; };
		C65BBE7829CB456800819C9C /* AKCheckBox.swift */ = {isa = PBXFileReference; lastKnownFileType = sourcecode.swift; path = AKCheckBox.swift; sourceTree = "<group>"; };
/* End PBXFileReference section */

/* Begin PBXFrameworksBuildPhase section */
		C65BBE5A29CB410F00819C9C /* Frameworks */ = {
			isa = PBXFrameworksBuildPhase;
			buildActionMask = 2147483647;
			files = (
			);
			runOnlyForDeploymentPostprocessing = 0;
		};
/* End PBXFrameworksBuildPhase section */

/* Begin PBXGroup section */
		C65BBE5429CB410F00819C9C = {
			isa = PBXGroup;
			children = (
				C65BBE5F29CB410F00819C9C /* PinLayout */,
				C65BBE5E29CB410F00819C9C /* Products */,
			);
			sourceTree = "<group>";
		};
		C65BBE5E29CB410F00819C9C /* Products */ = {
			isa = PBXGroup;
			children = (
				C65BBE5D29CB410F00819C9C /* PinLayout.app */,
			);
			name = Products;
			sourceTree = "<group>";
		};
		C65BBE5F29CB410F00819C9C /* PinLayout */ = {
			isa = PBXGroup;
			children = (
				C65BBE7729CB456100819C9C /* Views */,
				C65BBE7429CB415800819C9C /* Utils */,
				C65BBE6029CB410F00819C9C /* AppDelegate.swift */,
				C65BBE6229CB410F00819C9C /* SceneDelegate.swift */,
				C65BBE6429CB410F00819C9C /* ViewController.swift */,
				C65BBE6629CB410F00819C9C /* Main.storyboard */,
				C65BBE6929CB410F00819C9C /* Assets.xcassets */,
				C65BBE6B29CB410F00819C9C /* LaunchScreen.storyboard */,
				C65BBE6E29CB410F00819C9C /* Info.plist */,
			);
			path = PinLayout;
			sourceTree = "<group>";
		};
		C65BBE7429CB415800819C9C /* Utils */ = {
			isa = PBXGroup;
			children = (
				C65BBE7529CB417300819C9C /* UIView+AppKitLayoutAnchor.swift */,
			);
			path = Utils;
			sourceTree = "<group>";
		};
		C65BBE7729CB456100819C9C /* Views */ = {
			isa = PBXGroup;
			children = (
				C65BBE7829CB456800819C9C /* AKCheckBox.swift */,
			);
			path = Views;
			sourceTree = "<group>";
		};
/* End PBXGroup section */

/* Begin PBXNativeTarget section */
		C65BBE5C29CB410F00819C9C /* PinLayout */ = {
			isa = PBXNativeTarget;
			buildConfigurationList = C65BBE7129CB410F00819C9C /* Build configuration list for PBXNativeTarget "PinLayout" */;
			buildPhases = (
				C65BBE5929CB410F00819C9C /* Sources */,
				C65BBE5A29CB410F00819C9C /* Frameworks */,
				C65BBE5B29CB410F00819C9C /* Resources */,
			);
			buildRules = (
			);
			dependencies = (
			);
			name = PinLayout;
			productName = PinLayout;
			productReference = C65BBE5D29CB410F00819C9C /* PinLayout.app */;
			productType = "com.apple.product-type.application";
		};
/* End PBXNativeTarget section */

/* Begin PBXProject section */
		C65BBE5529CB410F00819C9C /* Project object */ = {
			isa = PBXProject;
			attributes = {
				BuildIndependentTargetsInParallel = 1;
				LastSwiftUpdateCheck = 1420;
				LastUpgradeCheck = 1420;
				TargetAttributes = {
					C65BBE5C29CB410F00819C9C = {
						CreatedOnToolsVersion = 14.2;
					};
				};
			};
			buildConfigurationList = C65BBE5829CB410F00819C9C /* Build configuration list for PBXProject "PinLayout" */;
			compatibilityVersion = "Xcode 14.0";
			developmentRegion = en;
			hasScannedForEncodings = 0;
			knownRegions = (
				en,
				Base,
			);
			mainGroup = C65BBE5429CB410F00819C9C;
			productRefGroup = C65BBE5E29CB410F00819C9C /* Products */;
			projectDirPath = "";
			projectRoot = "";
			targets = (
				C65BBE5C29CB410F00819C9C /* PinLayout */,
			);
		};
/* End PBXProject section */

/* Begin PBXResourcesBuildPhase section */
		C65BBE5B29CB410F00819C9C /* Resources */ = {
			isa = PBXResourcesBuildPhase;
			buildActionMask = 2147483647;
			files = (
				C65BBE6D29CB410F00819C9C /* LaunchScreen.storyboard in Resources */,
				C65BBE6A29CB410F00819C9C /* Assets.xcassets in Resources */,
				C65BBE6829CB410F00819C9C /* Main.storyboard in Resources */,
			);
			runOnlyForDeploymentPostprocessing = 0;
		};
/* End PBXResourcesBuildPhase section */

/* Begin PBXSourcesBuildPhase section */
		C65BBE5929CB410F00819C9C /* Sources */ = {
			isa = PBXSourcesBuildPhase;
			buildActionMask = 2147483647;
			files = (
				C65BBE7629CB417300819C9C /* UIView+AppKitLayoutAnchor.swift in Sources */,
				C65BBE7929CB456800819C9C /* AKCheckBox.swift in Sources */,
				C65BBE6529CB410F00819C9C /* ViewController.swift in Sources */,
				C65BBE6129CB410F00819C9C /* AppDelegate.swift in Sources */,
				C65BBE6329CB410F00819C9C /* SceneDelegate.swift in Sources */,
			);
			runOnlyForDeploymentPostprocessing = 0;
		};
/* End PBXSourcesBuildPhase section */

/* Begin PBXVariantGroup section */
		C65BBE6629CB410F00819C9C /* Main.storyboard */ = {
			isa = PBXVariantGroup;
			children = (
				C65BBE6729CB410F00819C9C /* Base */,
			);
			name = Main.storyboard;
			sourceTree = "<group>";
		};
		C65BBE6B29CB410F00819C9C /* LaunchScreen.storyboard */ = {
			isa = PBXVariantGroup;
			children = (
				C65BBE6C29CB410F00819C9C /* Base */,
			);
			name = LaunchScreen.storyboard;
			sourceTree = "<group>";
		};
/* End PBXVariantGroup section */

/* Begin XCBuildConfiguration section */
		C65BBE6F29CB410F00819C9C /* Debug */ = {
			isa = XCBuildConfiguration;
			buildSettings = {
				ALWAYS_SEARCH_USER_PATHS = NO;
				CLANG_ANALYZER_NONNULL = YES;
				CLANG_ANALYZER_NUMBER_OBJECT_CONVERSION = YES_AGGRESSIVE;
				CLANG_CXX_LANGUAGE_STANDARD = "gnu++20";
				CLANG_ENABLE_MODULES = YES;
				CLANG_ENABLE_OBJC_ARC = YES;
				CLANG_ENABLE_OBJC_WEAK = YES;
				CLANG_WARN_BLOCK_CAPTURE_AUTORELEASING = YES;
				CLANG_WARN_BOOL_CONVERSION = YES;
				CLANG_WARN_COMMA = YES;
				CLANG_WARN_CONSTANT_CONVERSION = YES;
				CLANG_WARN_DEPRECATED_OBJC_IMPLEMENTATIONS = YES;
				CLANG_WARN_DIRECT_OBJC_ISA_USAGE = YES_ERROR;
				CLANG_WARN_DOCUMENTATION_COMMENTS = YES;
				CLANG_WARN_EMPTY_BODY = YES;
				CLANG_WARN_ENUM_CONVERSION = YES;
				CLANG_WARN_INFINITE_RECURSION = YES;
				CLANG_WARN_INT_CONVERSION = YES;
				CLANG_WARN_NON_LITERAL_NULL_CONVERSION = YES;
				CLANG_WARN_OBJC_IMPLICIT_RETAIN_SELF = YES;
				CLANG_WARN_OBJC_LITERAL_CONVERSION = YES;
				CLANG_WARN_OBJC_ROOT_CLASS = YES_ERROR;
				CLANG_WARN_QUOTED_INCLUDE_IN_FRAMEWORK_HEADER = YES;
				CLANG_WARN_RANGE_LOOP_ANALYSIS = YES;
				CLANG_WARN_STRICT_PROTOTYPES = YES;
				CLANG_WARN_SUSPICIOUS_MOVE = YES;
				CLANG_WARN_UNGUARDED_AVAILABILITY = YES_AGGRESSIVE;
				CLANG_WARN_UNREACHABLE_CODE = YES;
				CLANG_WARN__DUPLICATE_METHOD_MATCH = YES;
				COPY_PHASE_STRIP = NO;
				DEBUG_INFORMATION_FORMAT = dwarf;
				ENABLE_STRICT_OBJC_MSGSEND = YES;
				ENABLE_TESTABILITY = YES;
				GCC_C_LANGUAGE_STANDARD = gnu11;
				GCC_DYNAMIC_NO_PIC = NO;
				GCC_NO_COMMON_BLOCKS = YES;
				GCC_OPTIMIZATION_LEVEL = 0;
				GCC_PREPROCESSOR_DEFINITIONS = (
					"DEBUG=1",
					"$(inherited)",
				);
				GCC_WARN_64_TO_32_BIT_CONVERSION = YES;
				GCC_WARN_ABOUT_RETURN_TYPE = YES_ERROR;
				GCC_WARN_UNDECLARED_SELECTOR = YES;
				GCC_WARN_UNINITIALIZED_AUTOS = YES_AGGRESSIVE;
				GCC_WARN_UNUSED_FUNCTION = YES;
				GCC_WARN_UNUSED_VARIABLE = YES;
				IPHONEOS_DEPLOYMENT_TARGET = 16.2;
				MTL_ENABLE_DEBUG_INFO = INCLUDE_SOURCE;
				MTL_FAST_MATH = YES;
				ONLY_ACTIVE_ARCH = YES;
				SDKROOT = iphoneos;
				SWIFT_ACTIVE_COMPILATION_CONDITIONS = DEBUG;
				SWIFT_OPTIMIZATION_LEVEL = "-Onone";
			};
			name = Debug;
		};
		C65BBE7029CB410F00819C9C /* Release */ = {
			isa = XCBuildConfiguration;
			buildSettings = {
				ALWAYS_SEARCH_USER_PATHS = NO;
				CLANG_ANALYZER_NONNULL = YES;
				CLANG_ANALYZER_NUMBER_OBJECT_CONVERSION = YES_AGGRESSIVE;
				CLANG_CXX_LANGUAGE_STANDARD = "gnu++20";
				CLANG_ENABLE_MODULES = YES;
				CLANG_ENABLE_OBJC_ARC = YES;
				CLANG_ENABLE_OBJC_WEAK = YES;
				CLANG_WARN_BLOCK_CAPTURE_AUTORELEASING = YES;
				CLANG_WARN_BOOL_CONVERSION = YES;
				CLANG_WARN_COMMA = YES;
				CLANG_WARN_CONSTANT_CONVERSION = YES;
				CLANG_WARN_DEPRECATED_OBJC_IMPLEMENTATIONS = YES;
				CLANG_WARN_DIRECT_OBJC_ISA_USAGE = YES_ERROR;
				CLANG_WARN_DOCUMENTATION_COMMENTS = YES;
				CLANG_WARN_EMPTY_BODY = YES;
				CLANG_WARN_ENUM_CONVERSION = YES;
				CLANG_WARN_INFINITE_RECURSION = YES;
				CLANG_WARN_INT_CONVERSION = YES;
				CLANG_WARN_NON_LITERAL_NULL_CONVERSION = YES;
				CLANG_WARN_OBJC_IMPLICIT_RETAIN_SELF = YES;
				CLANG_WARN_OBJC_LITERAL_CONVERSION = YES;
				CLANG_WARN_OBJC_ROOT_CLASS = YES_ERROR;
				CLANG_WARN_QUOTED_INCLUDE_IN_FRAMEWORK_HEADER = YES;
				CLANG_WARN_RANGE_LOOP_ANALYSIS = YES;
				CLANG_WARN_STRICT_PROTOTYPES = YES;
				CLANG_WARN_SUSPICIOUS_MOVE = YES;
				CLANG_WARN_UNGUARDED_AVAILABILITY = YES_AGGRESSIVE;
				CLANG_WARN_UNREACHABLE_CODE = YES;
				CLANG_WARN__DUPLICATE_METHOD_MATCH = YES;
				COPY_PHASE_STRIP = NO;
				DEBUG_INFORMATION_FORMAT = "dwarf-with-dsym";
				ENABLE_NS_ASSERTIONS = NO;
				ENABLE_STRICT_OBJC_MSGSEND = YES;
				GCC_C_LANGUAGE_STANDARD = gnu11;
				GCC_NO_COMMON_BLOCKS = YES;
				GCC_WARN_64_TO_32_BIT_CONVERSION = YES;
				GCC_WARN_ABOUT_RETURN_TYPE = YES_ERROR;
				GCC_WARN_UNDECLARED_SELECTOR = YES;
				GCC_WARN_UNINITIALIZED_AUTOS = YES_AGGRESSIVE;
				GCC_WARN_UNUSED_FUNCTION = YES;
				GCC_WARN_UNUSED_VARIABLE = YES;
				IPHONEOS_DEPLOYMENT_TARGET = 16.2;
				MTL_ENABLE_DEBUG_INFO = NO;
				MTL_FAST_MATH = YES;
				SDKROOT = iphoneos;
				SWIFT_COMPILATION_MODE = wholemodule;
				SWIFT_OPTIMIZATION_LEVEL = "-O";
				VALIDATE_PRODUCT = YES;
			};
			name = Release;
		};
		C65BBE7229CB410F00819C9C /* Debug */ = {
			isa = XCBuildConfiguration;
			buildSettings = {
				ASSETCATALOG_COMPILER_APPICON_NAME = AppIcon;
				ASSETCATALOG_COMPILER_GLOBAL_ACCENT_COLOR_NAME = AccentColor;
				CODE_SIGN_STYLE = Automatic;
				CURRENT_PROJECT_VERSION = 1;
				GENERATE_INFOPLIST_FILE = YES;
				INFOPLIST_FILE = PinLayout/Info.plist;
				INFOPLIST_KEY_UIApplicationSupportsIndirectInputEvents = YES;
				INFOPLIST_KEY_UILaunchStoryboardName = LaunchScreen;
				INFOPLIST_KEY_UIMainStoryboardFile = Main;
				INFOPLIST_KEY_UISupportedInterfaceOrientations_iPad = "UIInterfaceOrientationPortrait UIInterfaceOrientationPortraitUpsideDown UIInterfaceOrientationLandscapeLeft UIInterfaceOrientationLandscapeRight";
				INFOPLIST_KEY_UISupportedInterfaceOrientations_iPhone = "UIInterfaceOrientationPortrait UIInterfaceOrientationLandscapeLeft UIInterfaceOrientationLandscapeRight";
				LD_RUNPATH_SEARCH_PATHS = (
					"$(inherited)",
					"@executable_path/Frameworks",
				);
				MARKETING_VERSION = 1.0;
				PRODUCT_BUNDLE_IDENTIFIER = com.jramundo.PinLayout;
				PRODUCT_NAME = "$(TARGET_NAME)";
				SWIFT_EMIT_LOC_STRINGS = YES;
				SWIFT_VERSION = 5.0;
				TARGETED_DEVICE_FAMILY = "1,2";
			};
			name = Debug;
		};
		C65BBE7329CB410F00819C9C /* Release */ = {
			isa = XCBuildConfiguration;
			buildSettings = {
				ASSETCATALOG_COMPILER_APPICON_NAME = AppIcon;
				ASSETCATALOG_COMPILER_GLOBAL_ACCENT_COLOR_NAME = AccentColor;
				CODE_SIGN_STYLE = Automatic;
				CURRENT_PROJECT_VERSION = 1;
				GENERATE_INFOPLIST_FILE = YES;
				INFOPLIST_FILE = PinLayout/Info.plist;
				INFOPLIST_KEY_UIApplicationSupportsIndirectInputEvents = YES;
				INFOPLIST_KEY_UILaunchStoryboardName = LaunchScreen;
				INFOPLIST_KEY_UIMainStoryboardFile = Main;
				INFOPLIST_KEY_UISupportedInterfaceOrientations_iPad = "UIInterfaceOrientationPortrait UIInterfaceOrientationPortraitUpsideDown UIInterfaceOrientationLandscapeLeft UIInterfaceOrientationLandscapeRight";
				INFOPLIST_KEY_UISupportedInterfaceOrientations_iPhone = "UIInterfaceOrientationPortrait UIInterfaceOrientationLandscapeLeft UIInterfaceOrientationLandscapeRight";
				LD_RUNPATH_SEARCH_PATHS = (
					"$(inherited)",
					"@executable_path/Frameworks",
				);
				MARKETING_VERSION = 1.0;
				PRODUCT_BUNDLE_IDENTIFIER = com.jramundo.PinLayout;
				PRODUCT_NAME = "$(TARGET_NAME)";
				SWIFT_EMIT_LOC_STRINGS = YES;
				SWIFT_VERSION = 5.0;
				TARGETED_DEVICE_FAMILY = "1,2";
			};
			name = Release;
		};
/* End XCBuildConfiguration section */

/* Begin XCConfigurationList section */
		C65BBE5829CB410F00819C9C /* Build configuration list for PBXProject "PinLayout" */ = {
			isa = XCConfigurationList;
			buildConfigurations = (
				C65BBE6F29CB410F00819C9C /* Debug */,
				C65BBE7029CB410F00819C9C /* Release */,
			);
			defaultConfigurationIsVisible = 0;
			defaultConfigurationName = Release;
		};
		C65BBE7129CB410F00819C9C /* Build configuration list for PBXNativeTarget "PinLayout" */ = {
			isa = XCConfigurationList;
			buildConfigurations = (
				C65BBE7229CB410F00819C9C /* Debug */,
				C65BBE7329CB410F00819C9C /* Release */,
			);
			defaultConfigurationIsVisible = 0;
			defaultConfigurationName = Release;
		};
/* End XCConfigurationList section */
	};
	rootObject = C65BBE5529CB410F00819C9C /* Project object */;
}
